// !$*UTF8*$!
{
	archiveVersion = 1;
	classes = {
	};
	objectVersion = 56;
	objects = {

/* Begin PBXBuildFile section */
		8610CE5A2A47E2C10065CE89 /* RestartApp.swift in Sources */ = {isa = PBXBuildFile; fileRef = 8610CE592A47E2C10065CE89 /* RestartApp.swift */; };
		8610CE5C2A47E2C10065CE89 /* ContentView.swift in Sources */ = {isa = PBXBuildFile; fileRef = 8610CE5B2A47E2C10065CE89 /* ContentView.swift */; };
		8610CE5E2A47E2C30065CE89 /* Assets.xcassets in Resources */ = {isa = PBXBuildFile; fileRef = 8610CE5D2A47E2C30065CE89 /* Assets.xcassets */; };
		8610CE612A47E2C30065CE89 /* Preview Assets.xcassets in Resources */ = {isa = PBXBuildFile; fileRef = 8610CE602A47E2C30065CE89 /* Preview Assets.xcassets */; };
		8610CE6A2A47E3800065CE89 /* chimeup.mp3 in Resources */ = {isa = PBXBuildFile; fileRef = 8610CE682A47E3800065CE89 /* chimeup.mp3 */; };
		8610CE6B2A47E3800065CE89 /* success.m4a in Resources */ = {isa = PBXBuildFile; fileRef = 8610CE692A47E3800065CE89 /* success.m4a */; };
		8610CE712A47E85A0065CE89 /* HomeView.swift in Sources */ = {isa = PBXBuildFile; fileRef = 8610CE702A47E85A0065CE89 /* HomeView.swift */; };
		8610CE732A47E86A0065CE89 /* OnboardingView.swift in Sources */ = {isa = PBXBuildFile; fileRef = 8610CE722A47E86A0065CE89 /* OnboardingView.swift */; };
		8610CE752A4823D10065CE89 /* CircleGroupView.swift in Sources */ = {isa = PBXBuildFile; fileRef = 8610CE742A4823D10065CE89 /* CircleGroupView.swift */; };
		8610CE772A493C600065CE89 /* AudioPlayer.swift in Sources */ = {isa = PBXBuildFile; fileRef = 8610CE762A493C600065CE89 /* AudioPlayer.swift */; };
/* End PBXBuildFile section */

/* Begin PBXFileReference section */
		8610CE562A47E2C10065CE89 /* Restart.app */ = {isa = PBXFileReference; explicitFileType = wrapper.application; includeInIndex = 0; path = Restart.app; sourceTree = BUILT_PRODUCTS_DIR; };
		8610CE592A47E2C10065CE89 /* RestartApp.swift */ = {isa = PBXFileReference; lastKnownFileType = sourcecode.swift; path = RestartApp.swift; sourceTree = "<group>"; };
		8610CE5B2A47E2C10065CE89 /* ContentView.swift */ = {isa = PBXFileReference; lastKnownFileType = sourcecode.swift; path = ContentView.swift; sourceTree = "<group>"; };
		8610CE5D2A47E2C30065CE89 /* Assets.xcassets */ = {isa = PBXFileReference; lastKnownFileType = folder.assetcatalog; path = Assets.xcassets; sourceTree = "<group>"; };
		8610CE602A47E2C30065CE89 /* Preview Assets.xcassets */ = {isa = PBXFileReference; lastKnownFileType = folder.assetcatalog; path = "Preview Assets.xcassets"; sourceTree = "<group>"; };
		8610CE682A47E3800065CE89 /* chimeup.mp3 */ = {isa = PBXFileReference; lastKnownFileType = audio.mp3; path = chimeup.mp3; sourceTree = "<group>"; };
		8610CE692A47E3800065CE89 /* success.m4a */ = {isa = PBXFileReference; lastKnownFileType = file; path = success.m4a; sourceTree = "<group>"; };
		8610CE6F2A47E6570065CE89 /* Info.plist */ = {isa = PBXFileReference; lastKnownFileType = text.plist; path = Info.plist; sourceTree = "<group>"; };
		8610CE702A47E85A0065CE89 /* HomeView.swift */ = {isa = PBXFileReference; lastKnownFileType = sourcecode.swift; path = HomeView.swift; sourceTree = "<group>"; };
		8610CE722A47E86A0065CE89 /* OnboardingView.swift */ = {isa = PBXFileReference; lastKnownFileType = sourcecode.swift; path = OnboardingView.swift; sourceTree = "<group>"; };
		8610CE742A4823D10065CE89 /* CircleGroupView.swift */ = {isa = PBXFileReference; lastKnownFileType = sourcecode.swift; path = CircleGroupView.swift; sourceTree = "<group>"; };
		8610CE762A493C600065CE89 /* AudioPlayer.swift */ = {isa = PBXFileReference; lastKnownFileType = sourcecode.swift; path = AudioPlayer.swift; sourceTree = "<group>"; };
/* End PBXFileReference section */

/* Begin PBXFrameworksBuildPhase section */
		8610CE532A47E2C10065CE89 /* Frameworks */ = {
			isa = PBXFrameworksBuildPhase;
			buildActionMask = 2147483647;
			files = (
			);
			runOnlyForDeploymentPostprocessing = 0;
		};
/* End PBXFrameworksBuildPhase section */

/* Begin PBXGroup section */
		8610CE4D2A47E2C10065CE89 = {
			isa = PBXGroup;
			children = (
				8610CE582A47E2C10065CE89 /* Restart */,
				8610CE572A47E2C10065CE89 /* Products */,
			);
			sourceTree = "<group>";
		};
		8610CE572A47E2C10065CE89 /* Products */ = {
			isa = PBXGroup;
			children = (
				8610CE562A47E2C10065CE89 /* Restart.app */,
			);
			name = Products;
			sourceTree = "<group>";
		};
		8610CE582A47E2C10065CE89 /* Restart */ = {
			isa = PBXGroup;
			children = (
				8610CE6F2A47E6570065CE89 /* Info.plist */,
				8610CE592A47E2C10065CE89 /* RestartApp.swift */,
				8610CE6E2A47E5050065CE89 /* Screens */,
				8610CE6D2A47E4F80065CE89 /* Utilites */,
				8610CE6C2A47E4EF0065CE89 /* Views */,
				8610CE672A47E3800065CE89 /* Sounds */,
				8610CE5D2A47E2C30065CE89 /* Assets.xcassets */,
				8610CE5F2A47E2C30065CE89 /* Preview Content */,
			);
			path = Restart;
			sourceTree = "<group>";
		};
		8610CE5F2A47E2C30065CE89 /* Preview Content */ = {
			isa = PBXGroup;
			children = (
				8610CE602A47E2C30065CE89 /* Preview Assets.xcassets */,
			);
			path = "Preview Content";
			sourceTree = "<group>";
		};
		8610CE672A47E3800065CE89 /* Sounds */ = {
			isa = PBXGroup;
			children = (
				8610CE682A47E3800065CE89 /* chimeup.mp3 */,
				8610CE692A47E3800065CE89 /* success.m4a */,
			);
			path = Sounds;
			sourceTree = "<group>";
		};
		8610CE6C2A47E4EF0065CE89 /* Views */ = {
			isa = PBXGroup;
			children = (
				8610CE742A4823D10065CE89 /* CircleGroupView.swift */,
			);
			path = Views;
			sourceTree = "<group>";
		};
		8610CE6D2A47E4F80065CE89 /* Utilites */ = {
			isa = PBXGroup;
			children = (
				8610CE762A493C600065CE89 /* AudioPlayer.swift */,
			);
			path = Utilites;
			sourceTree = "<group>";
		};
		8610CE6E2A47E5050065CE89 /* Screens */ = {
			isa = PBXGroup;
			children = (
				8610CE5B2A47E2C10065CE89 /* ContentView.swift */,
				8610CE702A47E85A0065CE89 /* HomeView.swift */,
				8610CE722A47E86A0065CE89 /* OnboardingView.swift */,
			);
			path = Screens;
			sourceTree = "<group>";
		};
/* End PBXGroup section */

/* Begin PBXNativeTarget section */
		8610CE552A47E2C10065CE89 /* Restart */ = {
			isa = PBXNativeTarget;
			buildConfigurationList = 8610CE642A47E2C30065CE89 /* Build configuration list for PBXNativeTarget "Restart" */;
			buildPhases = (
				8610CE522A47E2C10065CE89 /* Sources */,
				8610CE532A47E2C10065CE89 /* Frameworks */,
				8610CE542A47E2C10065CE89 /* Resources */,
			);
			buildRules = (
			);
			dependencies = (
			);
			name = Restart;
			productName = Restart;
			productReference = 8610CE562A47E2C10065CE89 /* Restart.app */;
			productType = "com.apple.product-type.application";
		};
/* End PBXNativeTarget section */

/* Begin PBXProject section */
		8610CE4E2A47E2C10065CE89 /* Project object */ = {
			isa = PBXProject;
			attributes = {
				BuildIndependentTargetsInParallel = 1;
				LastSwiftUpdateCheck = 1430;
				LastUpgradeCheck = 1430;
				TargetAttributes = {
					8610CE552A47E2C10065CE89 = {
						CreatedOnToolsVersion = 14.3;
					};
				};
			};
			buildConfigurationList = 8610CE512A47E2C10065CE89 /* Build configuration list for PBXProject "Restart" */;
			compatibilityVersion = "Xcode 14.0";
			developmentRegion = en;
			hasScannedForEncodings = 0;
			knownRegions = (
				en,
				Base,
			);
			mainGroup = 8610CE4D2A47E2C10065CE89;
			productRefGroup = 8610CE572A47E2C10065CE89 /* Products */;
			projectDirPath = "";
			projectRoot = "";
			targets = (
				8610CE552A47E2C10065CE89 /* Restart */,
			);
		};
/* End PBXProject section */

/* Begin PBXResourcesBuildPhase section */
		8610CE542A47E2C10065CE89 /* Resources */ = {
			isa = PBXResourcesBuildPhase;
			buildActionMask = 2147483647;
			files = (
				8610CE6B2A47E3800065CE89 /* success.m4a in Resources */,
				8610CE6A2A47E3800065CE89 /* chimeup.mp3 in Resources */,
				8610CE612A47E2C30065CE89 /* Preview Assets.xcassets in Resources */,
				8610CE5E2A47E2C30065CE89 /* Assets.xcassets in Resources */,
			);
			runOnlyForDeploymentPostprocessing = 0;
		};
/* End PBXResourcesBuildPhase section */

/* Begin PBXSourcesBuildPhase section */
		8610CE522A47E2C10065CE89 /* Sources */ = {
			isa = PBXSourcesBuildPhase;
			buildActionMask = 2147483647;
			files = (
				8610CE752A4823D10065CE89 /* CircleGroupView.swift in Sources */,
				8610CE712A47E85A0065CE89 /* HomeView.swift in Sources */,
				8610CE732A47E86A0065CE89 /* OnboardingView.swift in Sources */,
				8610CE5C2A47E2C10065CE89 /* ContentView.swift in Sources */,
				8610CE5A2A47E2C10065CE89 /* RestartApp.swift in Sources */,
				8610CE772A493C600065CE89 /* AudioPlayer.swift in Sources */,
			);
			runOnlyForDeploymentPostprocessing = 0;
		};
/* End PBXSourcesBuildPhase section */

/* Begin XCBuildConfiguration section */
		8610CE622A47E2C30065CE89 /* Debug */ = {
			isa = XCBuildConfiguration;
			buildSettings = {
				ALWAYS_SEARCH_USER_PATHS = NO;
				CLANG_ANALYZER_NONNULL = YES;
				CLANG_ANALYZER_NUMBER_OBJECT_CONVERSION = YES_AGGRESSIVE;
				CLANG_CXX_LANGUAGE_STANDARD = "gnu++20";
				CLANG_ENABLE_MODULES = YES;
				CLANG_ENABLE_OBJC_ARC = YES;
				CLANG_ENABLE_OBJC_WEAK = YES;
				CLANG_WARN_BLOCK_CAPTURE_AUTORELEASING = YES;
				CLANG_WARN_BOOL_CONVERSION = YES;
				CLANG_WARN_COMMA = YES;
				CLANG_WARN_CONSTANT_CONVERSION = YES;
				CLANG_WARN_DEPRECATED_OBJC_IMPLEMENTATIONS = YES;
				CLANG_WARN_DIRECT_OBJC_ISA_USAGE = YES_ERROR;
				CLANG_WARN_DOCUMENTATION_COMMENTS = YES;
				CLANG_WARN_EMPTY_BODY = YES;
				CLANG_WARN_ENUM_CONVERSION = YES;
				CLANG_WARN_INFINITE_RECURSION = YES;
				CLANG_WARN_INT_CONVERSION = YES;
				CLANG_WARN_NON_LITERAL_NULL_CONVERSION = YES;
				CLANG_WARN_OBJC_IMPLICIT_RETAIN_SELF = YES;
				CLANG_WARN_OBJC_LITERAL_CONVERSION = YES;
				CLANG_WARN_OBJC_ROOT_CLASS = YES_ERROR;
				CLANG_WARN_QUOTED_INCLUDE_IN_FRAMEWORK_HEADER = YES;
				CLANG_WARN_RANGE_LOOP_ANALYSIS = YES;
				CLANG_WARN_STRICT_PROTOTYPES = YES;
				CLANG_WARN_SUSPICIOUS_MOVE = YES;
				CLANG_WARN_UNGUARDED_AVAILABILITY = YES_AGGRESSIVE;
				CLANG_WARN_UNREACHABLE_CODE = YES;
				CLANG_WARN__DUPLICATE_METHOD_MATCH = YES;
				COPY_PHASE_STRIP = NO;
				DEBUG_INFORMATION_FORMAT = dwarf;
				ENABLE_STRICT_OBJC_MSGSEND = YES;
				ENABLE_TESTABILITY = YES;
				GCC_C_LANGUAGE_STANDARD = gnu11;
				GCC_DYNAMIC_NO_PIC = NO;
				GCC_NO_COMMON_BLOCKS = YES;
				GCC_OPTIMIZATION_LEVEL = 0;
				GCC_PREPROCESSOR_DEFINITIONS = (
					"DEBUG=1",
					"$(inherited)",
				);
				GCC_WARN_64_TO_32_BIT_CONVERSION = YES;
				GCC_WARN_ABOUT_RETURN_TYPE = YES_ERROR;
				GCC_WARN_UNDECLARED_SELECTOR = YES;
				GCC_WARN_UNINITIALIZED_AUTOS = YES_AGGRESSIVE;
				GCC_WARN_UNUSED_FUNCTION = YES;
				GCC_WARN_UNUSED_VARIABLE = YES;
				IPHONEOS_DEPLOYMENT_TARGET = 16.4;
				MTL_ENABLE_DEBUG_INFO = INCLUDE_SOURCE;
				MTL_FAST_MATH = YES;
				ONLY_ACTIVE_ARCH = YES;
				SDKROOT = iphoneos;
				SWIFT_ACTIVE_COMPILATION_CONDITIONS = DEBUG;
				SWIFT_OPTIMIZATION_LEVEL = "-Onone";
			};
			name = Debug;
		};
		8610CE632A47E2C30065CE89 /* Release */ = {
			isa = XCBuildConfiguration;
			buildSettings = {
				ALWAYS_SEARCH_USER_PATHS = NO;
				CLANG_ANALYZER_NONNULL = YES;
				CLANG_ANALYZER_NUMBER_OBJECT_CONVERSION = YES_AGGRESSIVE;
				CLANG_CXX_LANGUAGE_STANDARD = "gnu++20";
				CLANG_ENABLE_MODULES = YES;
				CLANG_ENABLE_OBJC_ARC = YES;
				CLANG_ENABLE_OBJC_WEAK = YES;
				CLANG_WARN_BLOCK_CAPTURE_AUTORELEASING = YES;
				CLANG_WARN_BOOL_CONVERSION = YES;
				CLANG_WARN_COMMA = YES;
				CLANG_WARN_CONSTANT_CONVERSION = YES;
				CLANG_WARN_DEPRECATED_OBJC_IMPLEMENTATIONS = YES;
				CLANG_WARN_DIRECT_OBJC_ISA_USAGE = YES_ERROR;
				CLANG_WARN_DOCUMENTATION_COMMENTS = YES;
				CLANG_WARN_EMPTY_BODY = YES;
				CLANG_WARN_ENUM_CONVERSION = YES;
				CLANG_WARN_INFINITE_RECURSION = YES;
				CLANG_WARN_INT_CONVERSION = YES;
				CLANG_WARN_NON_LITERAL_NULL_CONVERSION = YES;
				CLANG_WARN_OBJC_IMPLICIT_RETAIN_SELF = YES;
				CLANG_WARN_OBJC_LITERAL_CONVERSION = YES;
				CLANG_WARN_OBJC_ROOT_CLASS = YES_ERROR;
				CLANG_WARN_QUOTED_INCLUDE_IN_FRAMEWORK_HEADER = YES;
				CLANG_WARN_RANGE_LOOP_ANALYSIS = YES;
				CLANG_WARN_STRICT_PROTOTYPES = YES;
				CLANG_WARN_SUSPICIOUS_MOVE = YES;
				CLANG_WARN_UNGUARDED_AVAILABILITY = YES_AGGRESSIVE;
				CLANG_WARN_UNREACHABLE_CODE = YES;
				CLANG_WARN__DUPLICATE_METHOD_MATCH = YES;
				COPY_PHASE_STRIP = NO;
				DEBUG_INFORMATION_FORMAT = "dwarf-with-dsym";
				ENABLE_NS_ASSERTIONS = NO;
				ENABLE_STRICT_OBJC_MSGSEND = YES;
				GCC_C_LANGUAGE_STANDARD = gnu11;
				GCC_NO_COMMON_BLOCKS = YES;
				GCC_WARN_64_TO_32_BIT_CONVERSION = YES;
				GCC_WARN_ABOUT_RETURN_TYPE = YES_ERROR;
				GCC_WARN_UNDECLARED_SELECTOR = YES;
				GCC_WARN_UNINITIALIZED_AUTOS = YES_AGGRESSIVE;
				GCC_WARN_UNUSED_FUNCTION = YES;
				GCC_WARN_UNUSED_VARIABLE = YES;
				IPHONEOS_DEPLOYMENT_TARGET = 16.4;
				MTL_ENABLE_DEBUG_INFO = NO;
				MTL_FAST_MATH = YES;
				SDKROOT = iphoneos;
				SWIFT_COMPILATION_MODE = wholemodule;
				SWIFT_OPTIMIZATION_LEVEL = "-O";
				VALIDATE_PRODUCT = YES;
			};
			name = Release;
		};
		8610CE652A47E2C30065CE89 /* Debug */ = {
			isa = XCBuildConfiguration;
			buildSettings = {
				ASSETCATALOG_COMPILER_APPICON_NAME = AppIcon;
				ASSETCATALOG_COMPILER_GLOBAL_ACCENT_COLOR_NAME = AccentColor;
				CODE_SIGN_STYLE = Automatic;
				CURRENT_PROJECT_VERSION = 1;
				DEVELOPMENT_ASSET_PATHS = "\"Restart/Preview Content\"";
				DEVELOPMENT_TEAM = 3Q44Z5857F;
				ENABLE_PREVIEWS = YES;
				GENERATE_INFOPLIST_FILE = YES;
				INFOPLIST_FILE = Restart/Info.plist;
				INFOPLIST_KEY_UIApplicationSceneManifest_Generation = YES;
				INFOPLIST_KEY_UIApplicationSupportsIndirectInputEvents = YES;
				INFOPLIST_KEY_UISupportedInterfaceOrientations = UIInterfaceOrientationPortrait;
				IPHONEOS_DEPLOYMENT_TARGET = 15.0;
				LD_RUNPATH_SEARCH_PATHS = (
					"$(inherited)",
					"@executable_path/Frameworks",
				);
				MARKETING_VERSION = 1.0;
				PRODUCT_BUNDLE_IDENTIFIER = com.quvideo.Restart;
				PRODUCT_NAME = "$(TARGET_NAME)";
				SWIFT_EMIT_LOC_STRINGS = YES;
				SWIFT_VERSION = 5.0;
				TARGETED_DEVICE_FAMILY = "1,2";
			};
			name = Debug;
		};
		8610CE662A47E2C30065CE89 /* Release */ = {
			isa = XCBuildConfiguration;
			buildSettings = {
				ASSETCATALOG_COMPILER_APPICON_NAME = AppIcon;
				ASSETCATALOG_COMPILER_GLOBAL_ACCENT_COLOR_NAME = AccentColor;
				CODE_SIGN_STYLE = Automatic;
				CURRENT_PROJECT_VERSION = 1;
				DEVELOPMENT_ASSET_PATHS = "\"Restart/Preview Content\"";
				DEVELOPMENT_TEAM = 3Q44Z5857F;
				ENABLE_PREVIEWS = YES;
				GENERATE_INFOPLIST_FILE = YES;
				INFOPLIST_FILE = Restart/Info.plist;
				INFOPLIST_KEY_UIApplicationSceneManifest_Generation = YES;
				INFOPLIST_KEY_UIApplicationSupportsIndirectInputEvents = YES;
				INFOPLIST_KEY_UISupportedInterfaceOrientations = UIInterfaceOrientationPortrait;
				IPHONEOS_DEPLOYMENT_TARGET = 15.0;
				LD_RUNPATH_SEARCH_PATHS = (
					"$(inherited)",
					"@executable_path/Frameworks",
				);
				MARKETING_VERSION = 1.0;
				PRODUCT_BUNDLE_IDENTIFIER = com.quvideo.Restart;
				PRODUCT_NAME = "$(TARGET_NAME)";
				SWIFT_EMIT_LOC_STRINGS = YES;
				SWIFT_VERSION = 5.0;
				TARGETED_DEVICE_FAMILY = "1,2";
			};
			name = Release;
		};
/* End XCBuildConfiguration section */

/* Begin XCConfigurationList section */
		8610CE512A47E2C10065CE89 /* Build configuration list for PBXProject "Restart" */ = {
			isa = XCConfigurationList;
			buildConfigurations = (
				8610CE622A47E2C30065CE89 /* Debug */,
				8610CE632A47E2C30065CE89 /* Release */,
			);
			defaultConfigurationIsVisible = 0;
			defaultConfigurationName = Release;
		};
		8610CE642A47E2C30065CE89 /* Build configuration list for PBXNativeTarget "Restart" */ = {
			isa = XCConfigurationList;
			buildConfigurations = (
				8610CE652A47E2C30065CE89 /* Debug */,
				8610CE662A47E2C30065CE89 /* Release */,
			);
			defaultConfigurationIsVisible = 0;
			defaultConfigurationName = Release;
		};
/* End XCConfigurationList section */
	};
	rootObject = 8610CE4E2A47E2C10065CE89 /* Project object */;
}
